
Microsoft Visual Studio Solution File, Format Version 12.00
# Visual Studio Version 17
VisualStudioVersion = 17.4.33403.182
MinimumVisualStudioVersion = 10.0.40219.1
Project("{8BC9CEB8-8B4A-11D0-8D11-00A0C91BC942}") = "J_Raynard_ModernCppForBeginners_Section04", "J_Raynard_ModernCppForBeginners_Section04.vcxproj", "{0510F191-FC93-4D64-90DB-021874B5E0CE}"
EndProject
Global
	GlobalSection(SolutionConfigurationPlatforms) = preSolution
		Debug|x64 = Debug|x64
		Debug|x86 = Debug|x86
		Release|x64 = Release|x64
		Release|x86 = Release|x86
	EndGlobalSection
	GlobalSection(ProjectConfigurationPlatforms) = postSolution
		{0510F191-FC93-4D64-90DB-021874B5E0CE}.Debug|x64.ActiveCfg = Debug|x64
		{0510F191-FC93-4D64-90DB-021874B5E0CE}.Debug|x64.Build.0 = Debug|x64
		{0510F191-FC93-4D64-90DB-021874B5E0CE}.Debug|x86.ActiveCfg = Debug|Win32
		{0510F191-FC93-4D64-90DB-021874B5E0CE}.Debug|x86.Build.0 = Debug|Win32
		{0510F191-FC93-4D64-90DB-021874B5E0CE}.Release|x64.ActiveCfg = Release|x64
		{0510F191-FC93-4D64-90DB-021874B5E0CE}.Release|x64.Build.0 = Release|x64
		{0510F191-FC93-4D64-90DB-021874B5E0CE}.Release|x86.ActiveCfg = Release|Win32
		{0510F191-FC93-4D64-90DB-021874B5E0CE}.Release|x86.Build.0 = Release|Win32
	EndGlobalSection
	GlobalSection(SolutionProperties) = preSolution
		HideSolutionNode = FALSE
	EndGlobalSection
	GlobalSection(ExtensibilityGlobals) = postSolution
		SolutionGuid = {864D6196-E4DC-4231-B3F9-CA080AF04538}
	EndGlobalSection
EndGlobal
